{
  "name": "mkeke-cli-project",
  "version": "1.0.0",
  "lockfileVersion": 2,
  "requires": true,
  "packages": {
    "": {
      "name": "mkeke-cli-project",
      "version": "1.0.0",
      "license": "ISC",
      "dependencies": {
        "mkeke-imooc-test-lib": "^1.0.0"
      },
      "bin": {
        "mkeke-imooc-test": "bin/index.js"
      }
    },
    "node_modules/mkeke-imooc-test-lib": {
      "version": "1.0.0",
      "resolved": "https://registry.npmjs.org/mkeke-imooc-test-lib/-/mkeke-imooc-test-lib-1.0.0.tgz",
      "integrity": "sha512-e7ehltQMjkWdkN32deDoJ8bxB2ovO37GX9mJx5Pn/85w6io2ta+rz7kP5sZG/2PcplLCQdJBpqS7JV6PNpdHwg=="
    }
  },
  "dependencies": {
    "mkeke-imooc-test-lib": {
      "version": "1.0.0",
      "resolved": "https://registry.npmjs.org/mkeke-imooc-test-lib/-/mkeke-imooc-test-lib-1.0.0.tgz",
      "integrity": "sha512-e7ehltQMjkWdkN32deDoJ8bxB2ovO37GX9mJx5Pn/85w6io2ta+rz7kP5sZG/2PcplLCQdJBpqS7JV6PNpdHwg=="
    }
  }
}
